
Microsoft Visual Studio Solution File, Format Version 12.00
# Visual Studio Version 17
VisualStudioVersion = 17.14.36109.1 d17.14
MinimumVisualStudioVersion = 10.0.40219.1
Project("{FAE04EC0-301F-11D3-BF4B-00C04F79EFBC}") = "InvestigationsProject", "InvestigationsProject.csproj", "{7BC34334-9A40-40E0-8BEB-D8B7A0752BBF}"
EndProject
Global
	GlobalSection(SolutionConfigurationPlatforms) = preSolution
		Debug|Any CPU = Debug|Any CPU
		Release|Any CPU = Release|Any CPU
	EndGlobalSection
	GlobalSection(ProjectConfigurationPlatforms) = postSolution
		{7BC34334-9A40-40E0-8BEB-D8B7A0752BBF}.Debug|Any CPU.ActiveCfg = Debug|Any CPU
		{7BC34334-9A40-40E0-8BEB-D8B7A0752BBF}.Debug|Any CPU.Build.0 = Debug|Any CPU
		{7BC34334-9A40-40E0-8BEB-D8B7A0752BBF}.Release|Any CPU.ActiveCfg = Release|Any CPU
		{7BC34334-9A40-40E0-8BEB-D8B7A0752BBF}.Release|Any CPU.Build.0 = Release|Any CPU
	EndGlobalSection
	GlobalSection(SolutionProperties) = preSolution
		HideSolutionNode = FALSE
	EndGlobalSection
	GlobalSection(ExtensibilityGlobals) = postSolution
		SolutionGuid = {FC3769FC-0877-4BFD-AC86-6E012B27A746}
	EndGlobalSection
EndGlobal
